{
  "requires": true,
  "lockfileVersion": 1,
  "dependencies": {
    "bootstrap": {
      "version": "4.3.1",
      "resolved": "https://registry.npmjs.org/bootstrap/-/bootstrap-4.3.1.tgz",
      "integrity": "sha512-rXqOmH1VilAt2DyPzluTi2blhk17bO7ef+zLLPlWvG494pDxcM234pJ8wTc/6R40UWizAIIMgxjvxZg5kmsbag=="
    },
    "bootstrap-colorpicker": {
      "version": "3.1.1",
      "resolved": "https://registry.npmjs.org/bootstrap-colorpicker/-/bootstrap-colorpicker-3.1.1.tgz",
      "integrity": "sha512-LgHvdXVzJ6O/Jbc/ngc33aX+CAnJ5WAx06L+psP2cYuwXSy0wHsGFrHrYYq+lJKScYRV9kIGAyqDkkeb5NZzhQ==",
      "requires": {
        "bootstrap": "^4.0",
        "jquery": ">=2.1.0"
      }
    },
    "jquery": {
      "version": "3.3.1",
      "resolved": "https://registry.npmjs.org/jquery/-/jquery-3.3.1.tgz",
      "integrity": "sha512-Ubldcmxp5np52/ENotGxlLe6aGMvmF4R8S6tZjsP6Knsaxd/xp3Zrh50cG93lR6nPXyUFwzN3ZSOQI0wRJNdGg=="
    }
  }
}
